Microsoft Visual Studio Solution File, Format Version 12.00
# Visual Studio Version 17
VisualStudioVersion = 17.12.35514.174
MinimumVisualStudioVersion = 10.0.40219.1
Project("{2150E333-8FDC-42A3-9474-1A3956D46DE8}") = "src", "src", "{02410E46-D7E9-4870-8BEE-2667E121C388}"
	ProjectSection(SolutionItems) = preProject
		src\Directory.Build.props = src\Directory.Build.props
	EndProjectSection
EndProject
Project("{2150E333-8FDC-42A3-9474-1A3956D46DE8}") = "samples", "samples", "{E1C34547-3ACD-4E54-BB6A-3E5DCBFFFF02}"
EndProject
Project("{2150E333-8FDC-42A3-9474-1A3956D46DE8}") = "Solution Items", "Solution Items", "{AAE28A25-3640-4A1D-808A-6B58DB17CE3C}"
	ProjectSection(SolutionItems) = preProject
		Directory.Packages.props = Directory.Packages.props
	EndProjectSection
EndProject
Project("{2150E333-8FDC-42A3-9474-1A3956D46DE8}") = "Fhi.Samples.AngularClientBFF", "Fhi.Samples.AngularClientBFF", "{95D7F6A2-3153-4DEA-A5B2-99FB116ECED7}"
EndProject
Project("{FAE04EC0-301F-11D3-BF4B-00C04F79EFBC}") = "Fhi.Authentication.Extensions", "src\Fhi.Authentication.Extensions\Fhi.Authentication.Extensions.csproj", "{3D40162D-4861-1586-9DF4-29AC796D09D7}"
EndProject
Project("{FAE04EC0-301F-11D3-BF4B-00C04F79EFBC}") = "Fhi.Authorization.Extensions", "src\Fhi.Authorization.Extensions\Fhi.Authorization.Extensions.csproj", "{E895929D-F0B6-46CC-A8DA-4CDCBD0E813F}"
EndProject
Project("{2150E333-8FDC-42A3-9474-1A3956D46DE8}") = "tests", "tests", "{02EA681E-C7D8-13C7-8484-4AC65E1B71E8}"
	ProjectSection(SolutionItems) = preProject
		tests\Directory.Build.props = tests\Directory.Build.props
	EndProjectSection
EndProject
Project("{FAE04EC0-301F-11D3-BF4B-00C04F79EFBC}") = "Fhi.Authentication.Extensions.UnitTests", "tests\Fhi.Authentication.Extensions.UnitTests\Fhi.Authentication.Extensions.UnitTests.csproj", "{74FE561C-B596-014B-90CE-501DD27B2A90}"
EndProject
Project("{FAE04EC0-301F-11D3-BF4B-00C04F79EFBC}") = "Fhi.Authorization.Extensions.UnitTests", "tests\Fhi.Authorization.Extensions.UnitTests\Fhi.Authorization.Extensions.UnitTests.csproj", "{80A70E21-66EC-41F3-B5BA-EB6F38275AE3}"
EndProject
Project("{FAE04EC0-301F-11D3-BF4B-00C04F79EFBC}") = "Fhi.Auth.IntegrationTests", "tests\Fhi.Auth.IntegrationTests\Fhi.Auth.IntegrationTests.csproj", "{50310A01-6FFB-48FD-8036-2884D8003D21}"
EndProject
Project("{FAE04EC0-301F-11D3-BF4B-00C04F79EFBC}") = "Fhi.Samples.Angular.BFFApi", "samples\Fhi.Samples.AngularBFF\Fhi.Samples.Angular.BFFApi\Fhi.Samples.Angular.BFFApi.csproj", "{4BD31A58-9C65-1A32-D54F-FAA2868BC0D3}"
EndProject
Project("{54A90642-561A-4BB1-A94E-469ADEE60C69}") = "Fhi.Samples.Angular.Client", "samples\Fhi.Samples.AngularBFF\Fhi.Samples.Angular.Client\Fhi.Samples.Angular.Client.esproj", "{0C1902EB-9D39-D424-4D5A-6F842490C576}"
EndProject
Project("{FAE04EC0-301F-11D3-BF4B-00C04F79EFBC}") = "Fhi.Samples.BlazorInteractiveServer", "samples\Fhi.Samples.BlazorInteractiveServer\Fhi.Samples.BlazorInteractiveServer.csproj", "{D6DF8F04-3458-ECA8-244B-F678F02283B9}"
EndProject
Project("{FAE04EC0-301F-11D3-BF4B-00C04F79EFBC}") = "Fhi.Samples.WebApi", "samples\Fhi.Samples.WebApi\Fhi.Samples.WebApi.csproj", "{01B67BBE-6A7D-D850-E162-18DBE690CC22}"
EndProject
Project("{FAE04EC0-301F-11D3-BF4B-00C04F79EFBC}") = "Fhi.Samples.WorkerService", "samples\Fhi.Samples.WorkerService\Fhi.Samples.WorkerService.csproj", "{9D4E0177-BD4F-312F-3848-814EF034FCAC}"
EndProject
Global
	GlobalSection(SolutionConfigurationPlatforms) = preSolution
		Debug|Any CPU = Debug|Any CPU
		Release|Any CPU = Release|Any CPU
	EndGlobalSection
	GlobalSection(ProjectConfigurationPlatforms) = postSolution
		{3D40162D-4861-1586-9DF4-29AC796D09D7}.Debug|Any CPU.ActiveCfg = Debug|Any CPU
		{3D40162D-4861-1586-9DF4-29AC796D09D7}.Debug|Any CPU.Build.0 = Debug|Any CPU
		{3D40162D-4861-1586-9DF4-29AC796D09D7}.Release|Any CPU.ActiveCfg = Release|Any CPU
		{3D40162D-4861-1586-9DF4-29AC796D09D7}.Release|Any CPU.Build.0 = Release|Any CPU
		{E895929D-F0B6-46CC-A8DA-4CDCBD0E813F}.Debug|Any CPU.ActiveCfg = Debug|Any CPU
		{E895929D-F0B6-46CC-A8DA-4CDCBD0E813F}.Debug|Any CPU.Build.0 = Debug|Any CPU
		{E895929D-F0B6-46CC-A8DA-4CDCBD0E813F}.Release|Any CPU.ActiveCfg = Release|Any CPU
		{E895929D-F0B6-46CC-A8DA-4CDCBD0E813F}.Release|Any CPU.Build.0 = Release|Any CPU
		{74FE561C-B596-014B-90CE-501DD27B2A90}.Debug|Any CPU.ActiveCfg = Debug|Any CPU
		{74FE561C-B596-014B-90CE-501DD27B2A90}.Debug|Any CPU.Build.0 = Debug|Any CPU
		{74FE561C-B596-014B-90CE-501DD27B2A90}.Release|Any CPU.ActiveCfg = Release|Any CPU
		{74FE561C-B596-014B-90CE-501DD27B2A90}.Release|Any CPU.Build.0 = Release|Any CPU
		{80A70E21-66EC-41F3-B5BA-EB6F38275AE3}.Debug|Any CPU.ActiveCfg = Debug|Any CPU
		{80A70E21-66EC-41F3-B5BA-EB6F38275AE3}.Debug|Any CPU.Build.0 = Debug|Any CPU
		{80A70E21-66EC-41F3-B5BA-EB6F38275AE3}.Release|Any CPU.ActiveCfg = Release|Any CPU
		{80A70E21-66EC-41F3-B5BA-EB6F38275AE3}.Release|Any CPU.Build.0 = Release|Any CPU
		{50310A01-6FFB-48FD-8036-2884D8003D21}.Debug|Any CPU.ActiveCfg = Debug|Any CPU
		{50310A01-6FFB-48FD-8036-2884D8003D21}.Debug|Any CPU.Build.0 = Debug|Any CPU
		{50310A01-6FFB-48FD-8036-2884D8003D21}.Release|Any CPU.ActiveCfg = Release|Any CPU
		{50310A01-6FFB-48FD-8036-2884D8003D21}.Release|Any CPU.Build.0 = Release|Any CPU
		{4BD31A58-9C65-1A32-D54F-FAA2868BC0D3}.Debug|Any CPU.ActiveCfg = Debug|Any CPU
		{4BD31A58-9C65-1A32-D54F-FAA2868BC0D3}.Debug|Any CPU.Build.0 = Debug|Any CPU
		{4BD31A58-9C65-1A32-D54F-FAA2868BC0D3}.Release|Any CPU.ActiveCfg = Release|Any CPU
		{4BD31A58-9C65-1A32-D54F-FAA2868BC0D3}.Release|Any CPU.Build.0 = Release|Any CPU
		{0C1902EB-9D39-D424-4D5A-6F842490C576}.Debug|Any CPU.ActiveCfg = Debug|Any CPU
		{0C1902EB-9D39-D424-4D5A-6F842490C576}.Debug|Any CPU.Build.0 = Debug|Any CPU
		{0C1902EB-9D39-D424-4D5A-6F842490C576}.Debug|Any CPU.Deploy.0 = Debug|Any CPU
		{0C1902EB-9D39-D424-4D5A-6F842490C576}.Release|Any CPU.ActiveCfg = Release|Any CPU
		{0C1902EB-9D39-D424-4D5A-6F842490C576}.Release|Any CPU.Build.0 = Release|Any CPU
		{0C1902EB-9D39-D424-4D5A-6F842490C576}.Release|Any CPU.Deploy.0 = Release|Any CPU
		{D6DF8F04-3458-ECA8-244B-F678F02283B9}.Debug|Any CPU.ActiveCfg = Debug|Any CPU
		{D6DF8F04-3458-ECA8-244B-F678F02283B9}.Debug|Any CPU.Build.0 = Debug|Any CPU
		{D6DF8F04-3458-ECA8-244B-F678F02283B9}.Release|Any CPU.ActiveCfg = Release|Any CPU
		{D6DF8F04-3458-ECA8-244B-F678F02283B9}.Release|Any CPU.Build.0 = Release|Any CPU
		{01B67BBE-6A7D-D850-E162-18DBE690CC22}.Debug|Any CPU.ActiveCfg = Debug|Any CPU
		{01B67BBE-6A7D-D850-E162-18DBE690CC22}.Debug|Any CPU.Build.0 = Debug|Any CPU
		{01B67BBE-6A7D-D850-E162-18DBE690CC22}.Release|Any CPU.ActiveCfg = Release|Any CPU
		{01B67BBE-6A7D-D850-E162-18DBE690CC22}.Release|Any CPU.Build.0 = Release|Any CPU
		{9D4E0177-BD4F-312F-3848-814EF034FCAC}.Debug|Any CPU.ActiveCfg = Debug|Any CPU
		{9D4E0177-BD4F-312F-3848-814EF034FCAC}.Debug|Any CPU.Build.0 = Debug|Any CPU
		{9D4E0177-BD4F-312F-3848-814EF034FCAC}.Release|Any CPU.ActiveCfg = Release|Any CPU
		{9D4E0177-BD4F-312F-3848-814EF034FCAC}.Release|Any CPU.Build.0 = Release|Any CPU
	EndGlobalSection
	GlobalSection(SolutionProperties) = preSolution
		HideSolutionNode = FALSE
	EndGlobalSection
	GlobalSection(NestedProjects) = preSolution
		{95D7F6A2-3153-4DEA-A5B2-99FB116ECED7} = {E1C34547-3ACD-4E54-BB6A-3E5DCBFFFF02}
		{3D40162D-4861-1586-9DF4-29AC796D09D7} = {02410E46-D7E9-4870-8BEE-2667E121C388}
		{E895929D-F0B6-46CC-A8DA-4CDCBD0E813F} = {02410E46-D7E9-4870-8BEE-2667E121C388}
		{74FE561C-B596-014B-90CE-501DD27B2A90} = {02EA681E-C7D8-13C7-8484-4AC65E1B71E8}
		{80A70E21-66EC-41F3-B5BA-EB6F38275AE3} = {02EA681E-C7D8-13C7-8484-4AC65E1B71E8}
		{50310A01-6FFB-48FD-8036-2884D8003D21} = {02EA681E-C7D8-13C7-8484-4AC65E1B71E8}
		{4BD31A58-9C65-1A32-D54F-FAA2868BC0D3} = {95D7F6A2-3153-4DEA-A5B2-99FB116ECED7}
		{0C1902EB-9D39-D424-4D5A-6F842490C576} = {95D7F6A2-3153-4DEA-A5B2-99FB116ECED7}
		{D6DF8F04-3458-ECA8-244B-F678F02283B9} = {E1C34547-3ACD-4E54-BB6A-3E5DCBFFFF02}
		{01B67BBE-6A7D-D850-E162-18DBE690CC22} = {E1C34547-3ACD-4E54-BB6A-3E5DCBFFFF02}
		{9D4E0177-BD4F-312F-3848-814EF034FCAC} = {E1C34547-3ACD-4E54-BB6A-3E5DCBFFFF02}
	EndGlobalSection
	GlobalSection(ExtensibilityGlobals) = postSolution
		SolutionGuid = {113A468C-B364-454A-BDF5-BE678F61C31A}
	EndGlobalSection
EndGlobal
